<?xml version="1.0" encoding="utf-8"?>
<Project ToolsVersion="4.0" xmlns="http://schemas.microsoft.com/developer/msbuild/2003">
  <ItemGroup>
    <Filter Include="Source Files">
      <UniqueIdentifier>{4FC737F1-C7A5-4376-A066-2A32D752A2FF}</UniqueIdentifier>
      <Extensions>cpp;c;cc;cxx;c++;cppm;ixx;def;odl;idl;hpj;bat;asm;asmx</Extensions>
    </Filter>
    <Filter Include="Header Files">
      <UniqueIdentifier>{93995380-89BD-4b04-88EB-625FBE52EBFB}</UniqueIdentifier>
      <Extensions>h;hh;hpp;hxx;h++;hm;inl;inc;ipp;xsd</Extensions>
    </Filter>
    <Filter Include="Resource Files">
      <UniqueIdentifier>{67DA6AB6-F800-4c08-8B7A-83BB121AAD01}</UniqueIdentifier>
      <Extensions>rc;ico;cur;bmp;dlg;rc2;rct;bin;rgs;gif;jpg;jpeg;jpe;resx;tiff;tif;png;wav;mfcribbon-ms</Extensions>
    </Filter>
    <Filter Include="build">
      <UniqueIdentifier>{e597c22b-d893-4843-836c-343c2e862d5b}</UniqueIdentifier>
    </Filter>
    <Filter Include="Source Files\generated">
      <UniqueIdentifier>{78bafb1a-9907-4aae-a5e8-a7e60ea8ece6}</UniqueIdentifier>
    </Filter>
    <Filter Include="Source Files\game">
      <UniqueIdentifier>{f82ec98a-fb64-4328-9319-db6d03ddf188}</UniqueIdentifier>
    </Filter>
    <Filter Include="Source Files\game\rooms">
      <UniqueIdentifier>{97b1d09e-6625-409e-8131-470396badefd}</UniqueIdentifier>
    </Filter>
    <Filter Include="llvm-mos">
      <UniqueIdentifier>{1e7d4dca-ab66-48b1-8e1a-2650ced86edf}</UniqueIdentifier>
    </Filter>
  </ItemGroup>
  <ItemGroup>
    <ClCompile Include="..\source\hello.c">
      <Filter>Source Files</Filter>
    </ClCompile>
    <ClCompile Include="..\generated\resources.c">
      <Filter>Source Files\generated</Filter>
    </ClCompile>
    <ClCompile Include="..\..\..\game_8bit\game.c">
      <Filter>Source Files\game</Filter>
    </ClCompile>
    <ClCompile Include="..\..\..\game_8bit\game_data.c">
      <Filter>Source Files\game</Filter>
    </ClCompile>
    <ClCompile Include="..\..\..\game_8bit\joystick_data.c">
      <Filter>Source Files\game</Filter>
    </ClCompile>
    <ClCompile Include="..\..\..\game_8bit\physics_utils.c">
      <Filter>Source Files\game</Filter>
    </ClCompile>
    <ClCompile Include="..\..\..\game_8bit\player.c">
      <Filter>Source Files\game</Filter>
    </ClCompile>
    <ClCompile Include="..\..\..\game_8bit\player_collisions.c">
      <Filter>Source Files\game</Filter>
    </ClCompile>
    <ClCompile Include="..\..\..\game_8bit\string_utils.c">
      <Filter>Source Files\game</Filter>
    </ClCompile>
    <ClCompile Include="..\..\..\game_8bit\ball.c">
      <Filter>Source Files\game</Filter>
    </ClCompile>
    <ClCompile Include="..\..\..\game_8bit\bird.c">
      <Filter>Source Files\game</Filter>
    </ClCompile>
    <ClCompile Include="..\..\..\game_8bit\dl_rand.c">
      <Filter>Source Files\game</Filter>
    </ClCompile>
    <ClCompile Include="..\..\..\game_8bit\drops_manager.c">
      <Filter>Source Files\game</Filter>
    </ClCompile>
    <ClCompile Include="..\..\..\game_8bit\rooms\transitions.c">
      <Filter>Source Files\game\rooms</Filter>
    </ClCompile>
    <ClCompile Include="..\..\..\game_8bit\rooms\chambers.c">
      <Filter>Source Files\game\rooms</Filter>
    </ClCompile>
    <ClCompile Include="..\..\..\game_8bit\rooms\getready.c">
      <Filter>Source Files\game\rooms</Filter>
    </ClCompile>
    <ClCompile Include="..\..\..\game_8bit\rooms\rooms.c">
      <Filter>Source Files\game\rooms</Filter>
    </ClCompile>
    <ClCompile Include="..\..\..\game_8bit\rooms\titlescreen.c">
      <Filter>Source Files\game\rooms</Filter>
    </ClCompile>
    <ClCompile Include="..\source\chamber1_tileMap.c">
      <Filter>Source Files</Filter>
    </ClCompile>
    <ClCompile Include="..\generated\chamber8_tileMap.c">
      <Filter>Source Files\generated</Filter>
    </ClCompile>
    <ClCompile Include="..\generated\chamber9_cleanBackground.c">
      <Filter>Source Files\generated</Filter>
    </ClCompile>
    <ClCompile Include="..\generated\chamber9_tileMap.c">
      <Filter>Source Files\generated</Filter>
    </ClCompile>
    <ClCompile Include="..\generated\getReadyScreen_cleanBackground.c">
      <Filter>Source Files\generated</Filter>
    </ClCompile>
    <ClCompile Include="..\generated\titleScreen_cleanBackground.c">
      <Filter>Source Files\generated</Filter>
    </ClCompile>
    <ClCompile Include="..\generated\titleScreen_tileMap.c">
      <Filter>Source Files\generated</Filter>
    </ClCompile>
    <ClCompile Include="..\generated\chamber0_cleanBackground.c">
      <Filter>Source Files\generated</Filter>
    </ClCompile>
    <ClCompile Include="..\generated\chamber0_tileMap.c">
      <Filter>Source Files\generated</Filter>
    </ClCompile>
    <ClCompile Include="..\generated\chamber1_cleanBackground.c">
      <Filter>Source Files\generated</Filter>
    </ClCompile>
    <ClCompile Include="..\generated\chamber1_tileMap.c">
      <Filter>Source Files\generated</Filter>
    </ClCompile>
    <ClCompile Include="..\generated\chamber2_cleanBackground.c">
      <Filter>Source Files\generated</Filter>
    </ClCompile>
    <ClCompile Include="..\generated\chamber2_tileMap.c">
      <Filter>Source Files\generated</Filter>
    </ClCompile>
    <ClCompile Include="..\generated\chamber3_cleanBackground.c">
      <Filter>Source Files\generated</Filter>
    </ClCompile>
    <ClCompile Include="..\generated\chamber3_tileMap.c">
      <Filter>Source Files\generated</Filter>
    </ClCompile>
    <ClCompile Include="..\generated\chamber4_cleanBackground.c">
      <Filter>Source Files\generated</Filter>
    </ClCompile>
    <ClCompile Include="..\generated\chamber4_tileMap.c">
      <Filter>Source Files\generated</Filter>
    </ClCompile>
    <ClCompile Include="..\generated\chamber5_cleanBackground.c">
      <Filter>Source Files\generated</Filter>
    </ClCompile>
    <ClCompile Include="..\generated\chamber5_tileMap.c">
      <Filter>Source Files\generated</Filter>
    </ClCompile>
    <ClCompile Include="..\generated\chamber6_cleanBackground.c">
      <Filter>Source Files\generated</Filter>
    </ClCompile>
    <ClCompile Include="..\generated\chamber6_tileMap.c">
      <Filter>Source Files\generated</Filter>
    </ClCompile>
    <ClCompile Include="..\generated\chamber7_cleanBackground.c">
      <Filter>Source Files\generated</Filter>
    </ClCompile>
    <ClCompile Include="..\generated\chamber7_tileMap.c">
      <Filter>Source Files\generated</Filter>
    </ClCompile>
    <ClCompile Include="..\generated\chamber8_cleanBackground.c">
      <Filter>Source Files\generated</Filter>
    </ClCompile>
    <ClCompile Include="..\source\main.c">
      <Filter>Source Files</Filter>
    </ClCompile>
  </ItemGroup>
  <ItemGroup>
    <None Include="..\source\chr-rom.s">
      <Filter>Source Files</Filter>
    </None>
    <None Include="..\build\makefile">
      <Filter>build</Filter>
    </None>
    <None Include="..\build\rebuild.bat">
      <Filter>build</Filter>
    </None>
    <None Include="..\build\build.bat">
      <Filter>build</Filter>
    </None>
    <None Include="..\build\clean.bat">
      <Filter>build</Filter>
    </None>
    <None Include="..\out\Downland.map">
      <Filter>build</Filter>
    </None>
  </ItemGroup>
  <ItemGroup>
    <ClInclude Include="..\generated\resources.h">
      <Filter>Source Files\generated</Filter>
    </ClInclude>
    <ClInclude Include="..\source\custom_background_types.h">
      <Filter>Source Files</Filter>
    </ClInclude>
    <ClInclude Include="..\..\..\game_8bit\drops_manager.h">
      <Filter>Source Files\game</Filter>
    </ClInclude>
    <ClInclude Include="..\..\..\game_8bit\drops_types.h">
      <Filter>Source Files\game</Filter>
    </ClInclude>
    <ClInclude Include="..\..\..\game_8bit\game.h">
      <Filter>Source Files\game</Filter>
    </ClInclude>
    <ClInclude Include="..\..\..\game_8bit\game_data.h">
      <Filter>Source Files\game</Filter>
    </ClInclude>
    <ClInclude Include="..\..\..\game_8bit\joystick_data.h">
      <Filter>Source Files\game</Filter>
    </ClInclude>
    <ClInclude Include="..\..\..\game_8bit\physics_utils.h">
      <Filter>Source Files\game</Filter>
    </ClInclude>
    <ClInclude Include="..\..\..\game_8bit\pickup_types.h">
      <Filter>Source Files\game</Filter>
    </ClInclude>
    <ClInclude Include="..\..\..\game_8bit\player.h">
      <Filter>Source Files\game</Filter>
    </ClInclude>
    <ClInclude Include="..\..\..\game_8bit\player_types.h">
      <Filter>Source Files\game</Filter>
    </ClInclude>
    <ClInclude Include="..\..\..\game_8bit\resource_types.h">
      <Filter>Source Files\game</Filter>
    </ClInclude>
    <ClInclude Include="..\..\..\game_8bit\string_utils.h">
      <Filter>Source Files\game</Filter>
    </ClInclude>
    <ClInclude Include="..\..\..\game_8bit\background_types.h">
      <Filter>Source Files\game</Filter>
    </ClInclude>
    <ClInclude Include="..\..\..\game_8bit\ball.h">
      <Filter>Source Files\game</Filter>
    </ClInclude>
    <ClInclude Include="..\..\..\game_8bit\base_defines.h">
      <Filter>Source Files\game</Filter>
    </ClInclude>
    <ClInclude Include="..\..\..\game_8bit\base_types.h">
      <Filter>Source Files\game</Filter>
    </ClInclude>
    <ClInclude Include="..\..\..\game_8bit\bird.h">
      <Filter>Source Files\game</Filter>
    </ClInclude>
    <ClInclude Include="..\..\..\game_8bit\dl_platform.h">
      <Filter>Source Files\game</Filter>
    </ClInclude>
    <ClInclude Include="..\..\..\game_8bit\dl_rand.h">
      <Filter>Source Files\game</Filter>
    </ClInclude>
    <ClInclude Include="..\..\..\game_8bit\dl_sound.h">
      <Filter>Source Files\game</Filter>
    </ClInclude>
    <ClInclude Include="..\..\..\game_8bit\door_types.h">
      <Filter>Source Files\game</Filter>
    </ClInclude>
    <ClInclude Include="..\..\..\game_8bit\rooms\chambers.h">
      <Filter>Source Files\game\rooms</Filter>
    </ClInclude>
    <ClInclude Include="..\..\..\game_8bit\rooms\room_types.h">
      <Filter>Source Files\game\rooms</Filter>
    </ClInclude>
    <ClInclude Include="..\..\..\game_8bit\rooms\rooms.h">
      <Filter>Source Files\game\rooms</Filter>
    </ClInclude>
    <ClInclude Include="..\..\..\game_8bit\rooms\titlescreen.h">
      <Filter>Source Files\game\rooms</Filter>
    </ClInclude>
    <ClInclude Include="..\..\..\..\..\..\NesDev\llvm-mos-windows\llvm-mos\mos-platform\nes\include\neslib.h">
      <Filter>llvm-mos</Filter>
    </ClInclude>
    <ClInclude Include="..\..\..\..\..\..\NesDev\llvm-mos-windows\llvm-mos\mos-platform\nes\include\nes.h">
      <Filter>llvm-mos</Filter>
    </ClInclude>
    <ClInclude Include="..\..\..\..\..\..\NesDev\llvm-mos-windows\llvm-mos\mos-platform\nes\include\nesdoug.h">
      <Filter>llvm-mos</Filter>
    </ClInclude>
    <ClInclude Include="..\..\..\..\..\..\..\Incoming\nes\llvm-mos-windows\llvm-mos\mos-platform\nes-unrom\include\mapper.h">
      <Filter>llvm-mos</Filter>
    </ClInclude>
  </ItemGroup>
</Project>