<?xml version="1.0" encoding="utf-8"?>
<Project ToolsVersion="4.0" xmlns="http://schemas.microsoft.com/developer/msbuild/2003">
  <ItemGroup>
    <Filter Include="Source Files">
      <UniqueIdentifier>{4FC737F1-C7A5-4376-A066-2A32D752A2FF}</UniqueIdentifier>
      <Extensions>cpp;c;cc;cxx;c++;cppm;ixx;def;odl;idl;hpj;bat;asm;asmx</Extensions>
    </Filter>
    <Filter Include="Source Files\32x">
      <UniqueIdentifier>{adc4633d-1a4e-4678-abc1-4d6d7d0c23a5}</UniqueIdentifier>
    </Filter>
    <Filter Include="Source Files\Genesis">
      <UniqueIdentifier>{76c544a9-3cb3-40b9-8cd2-126ac059037e}</UniqueIdentifier>
    </Filter>
    <Filter Include="build">
      <UniqueIdentifier>{806e2cfd-9bb0-4b54-a6fa-aa50d392db5b}</UniqueIdentifier>
    </Filter>
    <Filter Include="Source Files\common">
      <UniqueIdentifier>{5f7177e1-76e4-49b0-96b5-f146a4558353}</UniqueIdentifier>
    </Filter>
    <Filter Include="Source Files\Genesis\data">
      <UniqueIdentifier>{20080e7f-02bd-40d8-ad11-e694301f5110}</UniqueIdentifier>
    </Filter>
    <Filter Include="Source Files\game">
      <UniqueIdentifier>{d20e21b5-09d6-467a-99a5-1f7fb96128dc}</UniqueIdentifier>
    </Filter>
    <Filter Include="Source Files\game\rooms">
      <UniqueIdentifier>{943c5aef-f762-4f0d-96b7-5c99faa06d83}</UniqueIdentifier>
    </Filter>
    <Filter Include="Source Files\32x\sound">
      <UniqueIdentifier>{07c36415-fc06-4142-aa6b-839e35528b2e}</UniqueIdentifier>
    </Filter>
  </ItemGroup>
  <ItemGroup>
    <None Include="clean.bat">
      <Filter>Source Files</Filter>
    </None>
    <None Include="build.bat">
      <Filter>Source Files</Filter>
    </None>
    <None Include="..\build\Makefile_MD">
      <Filter>build</Filter>
    </None>
    <None Include="rebuild.bat">
      <Filter>Source Files</Filter>
    </None>
    <None Include="..\build\Makefile_32X">
      <Filter>build</Filter>
    </None>
    <None Include="..\source\md\vgm_player.s">
      <Filter>Source Files\Genesis</Filter>
    </None>
    <None Include="..\source\md\kos.s">
      <Filter>Source Files\Genesis</Filter>
    </None>
    <None Include="..\source\md\cd.s">
      <Filter>Source Files\Genesis</Filter>
    </None>
    <None Include="..\source\32x\_crt0.s">
      <Filter>Source Files\32x</Filter>
    </None>
    <None Include="..\source\md\_crt0.s">
      <Filter>Source Files\Genesis</Filter>
    </None>
    <None Include="..\build\clean.bat">
      <Filter>build</Filter>
    </None>
    <None Include="..\build\rebuild.bat">
      <Filter>build</Filter>
    </None>
    <None Include="..\build\build.bat">
      <Filter>build</Filter>
    </None>
    <None Include="..\source\32x\function.s">
      <Filter>Source Files\32x</Filter>
    </None>
    <None Include="..\source\32x\files.s">
      <Filter>Source Files\32x\sound</Filter>
    </None>
    <None Include="..\source\32x\mixer.s">
      <Filter>Source Files\32x\sound</Filter>
    </None>
    <None Include="..\source\32x\sound_manager_dma.s">
      <Filter>Source Files\32x\sound</Filter>
    </None>
    <None Include="..\source\32x\edc_table.i">
      <Filter>Source Files\32x\sound</Filter>
    </None>
  </ItemGroup>
  <ItemGroup>
    <ClCompile Include="..\source\md\main.c">
      <Filter>Source Files\Genesis</Filter>
    </ClCompile>
    <ClCompile Include="..\source\32x\marshw.c">
      <Filter>Source Files\32x</Filter>
    </ClCompile>
    <ClCompile Include="..\source\32x\secondary.c">
      <Filter>Source Files\32x</Filter>
    </ClCompile>
    <ClCompile Include="..\source\32x\main.c">
      <Filter>Source Files\32x</Filter>
    </ClCompile>
    <ClCompile Include="..\source\md\megasd.c">
      <Filter>Source Files\Genesis</Filter>
    </ClCompile>
    <ClCompile Include="..\source\md\vgm.c">
      <Filter>Source Files\Genesis</Filter>
    </ClCompile>
    <ClCompile Include="..\source\md\xvprintf.c">
      <Filter>Source Files\Genesis</Filter>
    </ClCompile>
    <ClCompile Include="..\source\md\everdrive.c">
      <Filter>Source Files\Genesis</Filter>
    </ClCompile>
    <ClCompile Include="..\source\md\cd_init.c">
      <Filter>Source Files\Genesis</Filter>
    </ClCompile>
    <ClCompile Include="..\source\md\data\genesis_tilemap.c">
      <Filter>Source Files\Genesis\data</Filter>
    </ClCompile>
    <ClCompile Include="..\source\md\data\genesis_tileset.c">
      <Filter>Source Files\Genesis\data</Filter>
    </ClCompile>
    <ClCompile Include="..\source\md\data\genesis_palette.c">
      <Filter>Source Files\Genesis\data</Filter>
    </ClCompile>
    <ClCompile Include="..\source\md\data\32x_tileset.c">
      <Filter>Source Files\Genesis\data</Filter>
    </ClCompile>
    <ClCompile Include="..\source\md\data\32x_palette.c">
      <Filter>Source Files\Genesis\data</Filter>
    </ClCompile>
    <ClCompile Include="..\source\md\data\32x_tilemap.c">
      <Filter>Source Files\Genesis\data</Filter>
    </ClCompile>
    <ClCompile Include="..\source\md\vdp.c">
      <Filter>Source Files\Genesis</Filter>
    </ClCompile>
    <ClCompile Include="..\source\md\data\font.c">
      <Filter>Source Files\Genesis\data</Filter>
    </ClCompile>
    <ClCompile Include="..\source\md\data\sphere32x32_4bpp.c">
      <Filter>Source Files\Genesis\data</Filter>
    </ClCompile>
    <ClCompile Include="..\source\md\data\sphere32x32_4bpp_palette.c">
      <Filter>Source Files\Genesis\data</Filter>
    </ClCompile>
    <ClCompile Include="..\..\..\game\ball.c">
      <Filter>Source Files\game</Filter>
    </ClCompile>
    <ClCompile Include="..\..\..\game\bird.c">
      <Filter>Source Files\game</Filter>
    </ClCompile>
    <ClCompile Include="..\..\..\game\checksum_utils.c">
      <Filter>Source Files\game</Filter>
    </ClCompile>
    <ClCompile Include="..\..\..\game\debug_utils.c">
      <Filter>Source Files\game</Filter>
    </ClCompile>
    <ClCompile Include="..\..\..\game\dl_rand.c">
      <Filter>Source Files\game</Filter>
    </ClCompile>
    <ClCompile Include="..\..\..\game\door_utils.c">
      <Filter>Source Files\game</Filter>
    </ClCompile>
    <ClCompile Include="..\..\..\game\draw_utils.c">
      <Filter>Source Files\game</Filter>
    </ClCompile>
    <ClCompile Include="..\..\..\game\drops_manager.c">
      <Filter>Source Files\game</Filter>
    </ClCompile>
    <ClCompile Include="..\..\..\game\game.c">
      <Filter>Source Files\game</Filter>
    </ClCompile>
    <ClCompile Include="..\..\..\game\physics_utils.c">
      <Filter>Source Files\game</Filter>
    </ClCompile>
    <ClCompile Include="..\..\..\game\player.c">
      <Filter>Source Files\game</Filter>
    </ClCompile>
    <ClCompile Include="..\..\..\game\resource_loader_buffer.c">
      <Filter>Source Files\game</Filter>
    </ClCompile>
    <ClCompile Include="..\..\..\game\string_utils.c">
      <Filter>Source Files\game</Filter>
    </ClCompile>
    <ClCompile Include="..\..\..\game\rooms\getready.c">
      <Filter>Source Files\game\rooms</Filter>
    </ClCompile>
    <ClCompile Include="..\..\..\game\rooms\rooms.c">
      <Filter>Source Files\game\rooms</Filter>
    </ClCompile>
    <ClCompile Include="..\..\..\game\rooms\titlescreen.c">
      <Filter>Source Files\game\rooms</Filter>
    </ClCompile>
    <ClCompile Include="..\..\..\game\rooms\transitions.c">
      <Filter>Source Files\game\rooms</Filter>
    </ClCompile>
    <ClCompile Include="..\..\..\game\rooms\chambers.c">
      <Filter>Source Files\game\rooms</Filter>
    </ClCompile>
    <ClCompile Include="..\source\32x\game_runner.c">
      <Filter>Source Files\32x</Filter>
    </ClCompile>
    <ClCompile Include="..\source\32x\image_utils.c">
      <Filter>Source Files\32x</Filter>
    </ClCompile>
    <ClCompile Include="..\source\32x\sound_manager.c">
      <Filter>Source Files\32x\sound</Filter>
    </ClCompile>
  </ItemGroup>
  <ItemGroup>
    <ClInclude Include="..\source\32x\32x.h">
      <Filter>Source Files\32x</Filter>
    </ClInclude>
    <ClInclude Include="..\source\32x\mars.h">
      <Filter>Source Files\32x</Filter>
    </ClInclude>
    <ClInclude Include="..\source\32x\marshw.h">
      <Filter>Source Files\32x</Filter>
    </ClInclude>
    <ClInclude Include="..\source\32x\attr.h">
      <Filter>Source Files\32x</Filter>
    </ClInclude>
    <ClInclude Include="..\source\common\comm_ids.h">
      <Filter>Source Files\common</Filter>
    </ClInclude>
    <ClInclude Include="..\source\md\megasd.h">
      <Filter>Source Files\Genesis</Filter>
    </ClInclude>
    <ClInclude Include="..\source\md\cd_init.h">
      <Filter>Source Files\Genesis</Filter>
    </ClInclude>
    <ClInclude Include="..\source\md\data\genesis_palette.h">
      <Filter>Source Files\Genesis\data</Filter>
    </ClInclude>
    <ClInclude Include="..\source\md\data\genesis_tilemap.h">
      <Filter>Source Files\Genesis\data</Filter>
    </ClInclude>
    <ClInclude Include="..\source\md\data\genesis_tileset.h">
      <Filter>Source Files\Genesis\data</Filter>
    </ClInclude>
    <ClInclude Include="..\source\md\data\32x_tileset.h">
      <Filter>Source Files\Genesis\data</Filter>
    </ClInclude>
    <ClInclude Include="..\source\md\data\32x_palette.h">
      <Filter>Source Files\Genesis\data</Filter>
    </ClInclude>
    <ClInclude Include="..\source\md\data\32x_tilemap.h">
      <Filter>Source Files\Genesis\data</Filter>
    </ClInclude>
    <ClInclude Include="..\source\md\vdp.h">
      <Filter>Source Files\Genesis</Filter>
    </ClInclude>
    <ClInclude Include="..\source\md\data\font.h">
      <Filter>Source Files\Genesis\data</Filter>
    </ClInclude>
    <ClInclude Include="..\source\md\data\sphere32x32_4bpp.h">
      <Filter>Source Files\Genesis\data</Filter>
    </ClInclude>
    <ClInclude Include="..\source\md\data\sphere32x32_4bpp_palette.h">
      <Filter>Source Files\Genesis\data</Filter>
    </ClInclude>
    <ClInclude Include="..\source\32x\downland_rom.h">
      <Filter>Source Files\32x</Filter>
    </ClInclude>
    <ClInclude Include="..\..\..\game\alloc.h">
      <Filter>Source Files\game</Filter>
    </ClInclude>
    <ClInclude Include="..\..\..\game\background_types.h">
      <Filter>Source Files\game</Filter>
    </ClInclude>
    <ClInclude Include="..\..\..\game\ball.h">
      <Filter>Source Files\game</Filter>
    </ClInclude>
    <ClInclude Include="..\..\..\game\base_defines.h">
      <Filter>Source Files\game</Filter>
    </ClInclude>
    <ClInclude Include="..\..\..\game\base_types.h">
      <Filter>Source Files\game</Filter>
    </ClInclude>
    <ClInclude Include="..\..\..\game\bird.h">
      <Filter>Source Files\game</Filter>
    </ClInclude>
    <ClInclude Include="..\..\..\game\checksum_utils.h">
      <Filter>Source Files\game</Filter>
    </ClInclude>
    <ClInclude Include="..\..\..\game\debug_utils.h">
      <Filter>Source Files\game</Filter>
    </ClInclude>
    <ClInclude Include="..\..\..\game\dl_rand.h">
      <Filter>Source Files\game</Filter>
    </ClInclude>
    <ClInclude Include="..\..\..\game\dl_sound.h">
      <Filter>Source Files\game</Filter>
    </ClInclude>
    <ClInclude Include="..\..\..\game\door_types.h">
      <Filter>Source Files\game</Filter>
    </ClInclude>
    <ClInclude Include="..\..\..\game\door_utils.h">
      <Filter>Source Files\game</Filter>
    </ClInclude>
    <ClInclude Include="..\..\..\game\draw_utils.h">
      <Filter>Source Files\game</Filter>
    </ClInclude>
    <ClInclude Include="..\..\..\game\drops_manager.h">
      <Filter>Source Files\game</Filter>
    </ClInclude>
    <ClInclude Include="..\..\..\game\drops_types.h">
      <Filter>Source Files\game</Filter>
    </ClInclude>
    <ClInclude Include="..\..\..\game\game.h">
      <Filter>Source Files\game</Filter>
    </ClInclude>
    <ClInclude Include="..\..\..\game\game_types.h">
      <Filter>Source Files\game</Filter>
    </ClInclude>
    <ClInclude Include="..\..\..\game\joystick_types.h">
      <Filter>Source Files\game</Filter>
    </ClInclude>
    <ClInclude Include="..\..\..\game\physics_utils.h">
      <Filter>Source Files\game</Filter>
    </ClInclude>
    <ClInclude Include="..\..\..\game\pickup_types.h">
      <Filter>Source Files\game</Filter>
    </ClInclude>
    <ClInclude Include="..\..\..\game\player.h">
      <Filter>Source Files\game</Filter>
    </ClInclude>
    <ClInclude Include="..\..\..\game\player_types.h">
      <Filter>Source Files\game</Filter>
    </ClInclude>
    <ClInclude Include="..\..\..\game\resource_loader_buffer.h">
      <Filter>Source Files\game</Filter>
    </ClInclude>
    <ClInclude Include="..\..\..\game\resource_types.h">
      <Filter>Source Files\game</Filter>
    </ClInclude>
    <ClInclude Include="..\..\..\game\string_utils.h">
      <Filter>Source Files\game</Filter>
    </ClInclude>
    <ClInclude Include="..\..\..\game\rooms\chambers.h">
      <Filter>Source Files\game\rooms</Filter>
    </ClInclude>
    <ClInclude Include="..\..\..\game\rooms\room_types.h">
      <Filter>Source Files\game\rooms</Filter>
    </ClInclude>
    <ClInclude Include="..\..\..\game\rooms\rooms.h">
      <Filter>Source Files\game\rooms</Filter>
    </ClInclude>
    <ClInclude Include="..\source\32x\game_runner.h">
      <Filter>Source Files\32x</Filter>
    </ClInclude>
    <ClInclude Include="..\source\32x\image_utils.h">
      <Filter>Source Files\32x</Filter>
    </ClInclude>
    <ClInclude Include="..\source\32x\32x_defines.h">
      <Filter>Source Files\32x</Filter>
    </ClInclude>
    <ClInclude Include="..\source\32x\mixer.h">
      <Filter>Source Files\32x\sound</Filter>
    </ClInclude>
    <ClInclude Include="..\source\32x\sound_manager.h">
      <Filter>Source Files\32x\sound</Filter>
    </ClInclude>
    <ClInclude Include="..\source\32x\files.h">
      <Filter>Source Files\32x\sound</Filter>
    </ClInclude>
  </ItemGroup>
</Project>