<?xml version="1.0" encoding="utf-8"?>
<Project ToolsVersion="4.0" xmlns="http://schemas.microsoft.com/developer/msbuild/2003">
  <ItemGroup>
    <Filter Include="source">
      <UniqueIdentifier>{4FC737F1-C7A5-4376-A066-2A32D752A2FF}</UniqueIdentifier>
      <Extensions>cpp;c;cc;cxx;c++;cppm;ixx;def;odl;idl;hpj;bat;asm;asmx</Extensions>
    </Filter>
    <Filter Include="build">
      <UniqueIdentifier>{4e308bb3-a8dc-41b7-b552-68fdffb89112}</UniqueIdentifier>
    </Filter>
    <Filter Include="game">
      <UniqueIdentifier>{fb0e2506-95ff-4feb-a533-f44d59bc3601}</UniqueIdentifier>
    </Filter>
    <Filter Include="game\rooms">
      <UniqueIdentifier>{beac2d17-2378-4c5a-ac6b-59d50e2ef8c9}</UniqueIdentifier>
    </Filter>
    <Filter Include="libgba">
      <UniqueIdentifier>{ea8784f1-e80a-48ee-96f5-3df1e52fb685}</UniqueIdentifier>
    </Filter>
  </ItemGroup>
  <ItemGroup>
    <ClCompile Include="..\..\..\game\ball.c">
      <Filter>game</Filter>
    </ClCompile>
    <ClCompile Include="..\..\..\game\bird.c">
      <Filter>game</Filter>
    </ClCompile>
    <ClCompile Include="..\..\..\game\debug_utils.c">
      <Filter>game</Filter>
    </ClCompile>
    <ClCompile Include="..\..\..\game\door_utils.c">
      <Filter>game</Filter>
    </ClCompile>
    <ClCompile Include="..\..\..\game\draw_utils.c">
      <Filter>game</Filter>
    </ClCompile>
    <ClCompile Include="..\..\..\game\drops_manager.c">
      <Filter>game</Filter>
    </ClCompile>
    <ClCompile Include="..\..\..\game\game.c">
      <Filter>game</Filter>
    </ClCompile>
    <ClCompile Include="..\..\..\game\physics_utils.c">
      <Filter>game</Filter>
    </ClCompile>
    <ClCompile Include="..\..\..\game\player.c">
      <Filter>game</Filter>
    </ClCompile>
    <ClCompile Include="..\..\..\game\string_utils.c">
      <Filter>game</Filter>
    </ClCompile>
    <ClCompile Include="..\..\..\game\rooms\rooms.c">
      <Filter>game\rooms</Filter>
    </ClCompile>
    <ClCompile Include="..\..\..\game\rooms\titlescreen.c">
      <Filter>game\rooms</Filter>
    </ClCompile>
    <ClCompile Include="..\..\..\game\rooms\transitions.c">
      <Filter>game\rooms</Filter>
    </ClCompile>
    <ClCompile Include="..\..\..\game\rooms\chambers.c">
      <Filter>game\rooms</Filter>
    </ClCompile>
    <ClCompile Include="..\..\..\game\rooms\getready.c">
      <Filter>game\rooms</Filter>
    </ClCompile>
    <ClCompile Include="..\..\..\game\dl_rand.c">
      <Filter>game</Filter>
    </ClCompile>
    <ClCompile Include="..\..\..\game\resource_loader_buffer.c">
      <Filter>game</Filter>
    </ClCompile>
    <ClCompile Include="..\..\..\game\checksum_utils.c">
      <Filter>game</Filter>
    </ClCompile>
    <ClCompile Include="..\source\main.c">
      <Filter>source</Filter>
    </ClCompile>
    <ClCompile Include="..\source\image_utils.c">
      <Filter>source</Filter>
    </ClCompile>
    <ClCompile Include="..\source\game_runner.c">
      <Filter>source</Filter>
    </ClCompile>
  </ItemGroup>
  <ItemGroup>
    <None Include="..\build\build.bat">
      <Filter>build</Filter>
    </None>
    <None Include="..\build\clean.bat">
      <Filter>build</Filter>
    </None>
    <None Include="..\build\makefile">
      <Filter>build</Filter>
    </None>
    <None Include="..\build\rebuild.bat">
      <Filter>build</Filter>
    </None>
    <None Include="..\build\run.bat">
      <Filter>build</Filter>
    </None>
  </ItemGroup>
  <ItemGroup>
    <ClInclude Include="..\..\..\game\background_types.h">
      <Filter>game</Filter>
    </ClInclude>
    <ClInclude Include="..\..\..\game\ball.h">
      <Filter>game</Filter>
    </ClInclude>
    <ClInclude Include="..\..\..\game\base_defines.h">
      <Filter>game</Filter>
    </ClInclude>
    <ClInclude Include="..\..\..\game\base_types.h">
      <Filter>game</Filter>
    </ClInclude>
    <ClInclude Include="..\..\..\game\bird.h">
      <Filter>game</Filter>
    </ClInclude>
    <ClInclude Include="..\..\..\game\debug_utils.h">
      <Filter>game</Filter>
    </ClInclude>
    <ClInclude Include="..\..\..\game\door_types.h">
      <Filter>game</Filter>
    </ClInclude>
    <ClInclude Include="..\..\..\game\door_utils.h">
      <Filter>game</Filter>
    </ClInclude>
    <ClInclude Include="..\..\..\game\draw_utils.h">
      <Filter>game</Filter>
    </ClInclude>
    <ClInclude Include="..\..\..\game\drops_manager.h">
      <Filter>game</Filter>
    </ClInclude>
    <ClInclude Include="..\..\..\game\drops_types.h">
      <Filter>game</Filter>
    </ClInclude>
    <ClInclude Include="..\..\..\game\game.h">
      <Filter>game</Filter>
    </ClInclude>
    <ClInclude Include="..\..\..\game\game_types.h">
      <Filter>game</Filter>
    </ClInclude>
    <ClInclude Include="..\..\..\game\joystick_types.h">
      <Filter>game</Filter>
    </ClInclude>
    <ClInclude Include="..\..\..\game\physics_utils.h">
      <Filter>game</Filter>
    </ClInclude>
    <ClInclude Include="..\..\..\game\pickup_types.h">
      <Filter>game</Filter>
    </ClInclude>
    <ClInclude Include="..\..\..\game\player.h">
      <Filter>game</Filter>
    </ClInclude>
    <ClInclude Include="..\..\..\game\player_types.h">
      <Filter>game</Filter>
    </ClInclude>
    <ClInclude Include="..\..\..\game\resource_types.h">
      <Filter>game</Filter>
    </ClInclude>
    <ClInclude Include="..\..\..\game\dl_sound.h">
      <Filter>game</Filter>
    </ClInclude>
    <ClInclude Include="..\..\..\game\string_utils.h">
      <Filter>game</Filter>
    </ClInclude>
    <ClInclude Include="..\..\..\game\rooms\room_types.h">
      <Filter>game\rooms</Filter>
    </ClInclude>
    <ClInclude Include="..\..\..\game\rooms\rooms.h">
      <Filter>game\rooms</Filter>
    </ClInclude>
    <ClInclude Include="..\..\..\game\rooms\chambers.h">
      <Filter>game\rooms</Filter>
    </ClInclude>
    <ClInclude Include="..\..\..\game\dl_rand.h">
      <Filter>game</Filter>
    </ClInclude>
    <ClInclude Include="..\..\..\game\alloc.h">
      <Filter>game</Filter>
    </ClInclude>
    <ClInclude Include="..\..\..\game\resource_loader_buffer.h">
      <Filter>game</Filter>
    </ClInclude>
    <ClInclude Include="..\..\..\game\checksum_utils.h">
      <Filter>game</Filter>
    </ClInclude>
    <ClInclude Include="..\..\..\..\..\..\..\devkitPro\libgba\include\gba_video.h">
      <Filter>libgba</Filter>
    </ClInclude>
    <ClInclude Include="..\..\..\..\..\..\..\devkitPro\libgba\include\libfatversion.h">
      <Filter>libgba</Filter>
    </ClInclude>
    <ClInclude Include="..\..\..\..\..\..\..\devkitPro\libgba\include\mappy.h">
      <Filter>libgba</Filter>
    </ClInclude>
    <ClInclude Include="..\..\..\..\..\..\..\devkitPro\libgba\include\maxmod.h">
      <Filter>libgba</Filter>
    </ClInclude>
    <ClInclude Include="..\..\..\..\..\..\..\devkitPro\libgba\include\mbv2.h">
      <Filter>libgba</Filter>
    </ClInclude>
    <ClInclude Include="..\..\..\..\..\..\..\devkitPro\libgba\include\mm_types.h">
      <Filter>libgba</Filter>
    </ClInclude>
    <ClInclude Include="..\..\..\..\..\..\..\devkitPro\libgba\include\xcomms.h">
      <Filter>libgba</Filter>
    </ClInclude>
    <ClInclude Include="..\..\..\..\..\..\..\devkitPro\libgba\include\xcomms_cmd.h">
      <Filter>libgba</Filter>
    </ClInclude>
    <ClInclude Include="..\..\..\..\..\..\..\devkitPro\libgba\include\BoyScout.h">
      <Filter>libgba</Filter>
    </ClInclude>
    <ClInclude Include="..\..\..\..\..\..\..\devkitPro\libgba\include\disc.h">
      <Filter>libgba</Filter>
    </ClInclude>
    <ClInclude Include="..\..\..\..\..\..\..\devkitPro\libgba\include\disc_io.h">
      <Filter>libgba</Filter>
    </ClInclude>
    <ClInclude Include="..\..\..\..\..\..\..\devkitPro\libgba\include\dldi.h">
      <Filter>libgba</Filter>
    </ClInclude>
    <ClInclude Include="..\..\..\..\..\..\..\devkitPro\libgba\include\erapi.h">
      <Filter>libgba</Filter>
    </ClInclude>
    <ClInclude Include="..\..\..\..\..\..\..\devkitPro\libgba\include\fade.h">
      <Filter>libgba</Filter>
    </ClInclude>
    <ClInclude Include="..\..\..\..\..\..\..\devkitPro\libgba\include\fat.h">
      <Filter>libgba</Filter>
    </ClInclude>
    <ClInclude Include="..\..\..\..\..\..\..\devkitPro\libgba\include\gba.h">
      <Filter>libgba</Filter>
    </ClInclude>
    <ClInclude Include="..\..\..\..\..\..\..\devkitPro\libgba\include\gba_affine.h">
      <Filter>libgba</Filter>
    </ClInclude>
    <ClInclude Include="..\..\..\..\..\..\..\devkitPro\libgba\include\gba_base.h">
      <Filter>libgba</Filter>
    </ClInclude>
    <ClInclude Include="..\..\..\..\..\..\..\devkitPro\libgba\include\gba_compression.h">
      <Filter>libgba</Filter>
    </ClInclude>
    <ClInclude Include="..\..\..\..\..\..\..\devkitPro\libgba\include\gba_console.h">
      <Filter>libgba</Filter>
    </ClInclude>
    <ClInclude Include="..\..\..\..\..\..\..\devkitPro\libgba\include\gba_dma.h">
      <Filter>libgba</Filter>
    </ClInclude>
    <ClInclude Include="..\..\..\..\..\..\..\devkitPro\libgba\include\gba_input.h">
      <Filter>libgba</Filter>
    </ClInclude>
    <ClInclude Include="..\..\..\..\..\..\..\devkitPro\libgba\include\gba_interrupt.h">
      <Filter>libgba</Filter>
    </ClInclude>
    <ClInclude Include="..\..\..\..\..\..\..\devkitPro\libgba\include\gba_multiboot.h">
      <Filter>libgba</Filter>
    </ClInclude>
    <ClInclude Include="..\..\..\..\..\..\..\devkitPro\libgba\include\gba_sio.h">
      <Filter>libgba</Filter>
    </ClInclude>
    <ClInclude Include="..\..\..\..\..\..\..\devkitPro\libgba\include\gba_sound.h">
      <Filter>libgba</Filter>
    </ClInclude>
    <ClInclude Include="..\..\..\..\..\..\..\devkitPro\libgba\include\gba_sprites.h">
      <Filter>libgba</Filter>
    </ClInclude>
    <ClInclude Include="..\..\..\..\..\..\..\devkitPro\libgba\include\gba_systemcalls.h">
      <Filter>libgba</Filter>
    </ClInclude>
    <ClInclude Include="..\..\..\..\..\..\..\devkitPro\libgba\include\gba_timers.h">
      <Filter>libgba</Filter>
    </ClInclude>
    <ClInclude Include="..\..\..\..\..\..\..\devkitPro\libgba\include\gba_types.h">
      <Filter>libgba</Filter>
    </ClInclude>
    <ClInclude Include="..\out\downland_rom.h">
      <Filter>source</Filter>
    </ClInclude>
    <ClInclude Include="..\source\image_utils.h">
      <Filter>source</Filter>
    </ClInclude>
    <ClInclude Include="..\source\game_runner.h">
      <Filter>source</Filter>
    </ClInclude>
    <ClInclude Include="..\source\gba_defines.h">
      <Filter>source</Filter>
    </ClInclude>
  </ItemGroup>
</Project>