<?xml version="1.0" encoding="utf-8"?>
<Project ToolsVersion="4.0" xmlns="http://schemas.microsoft.com/developer/msbuild/2003">
  <ItemGroup>
    <Filter Include="Source Files">
      <UniqueIdentifier>{4FC737F1-C7A5-4376-A066-2A32D752A2FF}</UniqueIdentifier>
      <Extensions>cpp;c;cc;cxx;c++;cppm;ixx;def;odl;idl;hpj;bat;asm;asmx</Extensions>
    </Filter>
    <Filter Include="SMSLib">
      <UniqueIdentifier>{c9ef1464-5305-434c-8b8a-e75277b516a7}</UniqueIdentifier>
    </Filter>
    <Filter Include="build">
      <UniqueIdentifier>{b98ae0a7-68ac-4820-8058-322c408645d9}</UniqueIdentifier>
    </Filter>
    <Filter Include="Source Files\generated">
      <UniqueIdentifier>{7bd6f1d1-ba38-482c-86e2-a3a602adcd5c}</UniqueIdentifier>
    </Filter>
    <Filter Include="Source Files\game">
      <UniqueIdentifier>{1873331b-47a3-4fe6-b40a-50b68907e5c2}</UniqueIdentifier>
    </Filter>
    <Filter Include="Source Files\game\rooms">
      <UniqueIdentifier>{e425e5c3-783b-4949-bb20-294c751db6c0}</UniqueIdentifier>
    </Filter>
    <Filter Include="Source Files\generated\bank_vdp">
      <UniqueIdentifier>{9db4e271-d493-47bb-8387-6929b6abed1e}</UniqueIdentifier>
    </Filter>
    <Filter Include="Source Files\generated\bank2_chamber0">
      <UniqueIdentifier>{ec4f3279-14f7-411d-b95d-86abbb8713f9}</UniqueIdentifier>
    </Filter>
  </ItemGroup>
  <ItemGroup>
    <ClCompile Include="..\source\main.c">
      <Filter>Source Files</Filter>
    </ClCompile>
    <ClCompile Include="..\source\game\ball.c">
      <Filter>Source Files\game</Filter>
    </ClCompile>
    <ClCompile Include="..\source\game\bird.c">
      <Filter>Source Files\game</Filter>
    </ClCompile>
    <ClCompile Include="..\source\game\checksum_utils.c">
      <Filter>Source Files\game</Filter>
    </ClCompile>
    <ClCompile Include="..\source\game\debug_utils.c">
      <Filter>Source Files\game</Filter>
    </ClCompile>
    <ClCompile Include="..\source\game\dl_rand.c">
      <Filter>Source Files\game</Filter>
    </ClCompile>
    <ClCompile Include="..\source\game\door_utils.c">
      <Filter>Source Files\game</Filter>
    </ClCompile>
    <ClCompile Include="..\source\game\draw_utils.c">
      <Filter>Source Files\game</Filter>
    </ClCompile>
    <ClCompile Include="..\source\game\drops_manager.c">
      <Filter>Source Files\game</Filter>
    </ClCompile>
    <ClCompile Include="..\source\game\game.c">
      <Filter>Source Files\game</Filter>
    </ClCompile>
    <ClCompile Include="..\source\game\physics_utils.c">
      <Filter>Source Files\game</Filter>
    </ClCompile>
    <ClCompile Include="..\source\game\player.c">
      <Filter>Source Files\game</Filter>
    </ClCompile>
    <ClCompile Include="..\source\game\resource_loader_buffer.c">
      <Filter>Source Files\game</Filter>
    </ClCompile>
    <ClCompile Include="..\source\game\string_utils.c">
      <Filter>Source Files\game</Filter>
    </ClCompile>
    <ClCompile Include="..\source\game\rooms\chambers.c">
      <Filter>Source Files\game\rooms</Filter>
    </ClCompile>
    <ClCompile Include="..\source\game\rooms\getready.c">
      <Filter>Source Files\game\rooms</Filter>
    </ClCompile>
    <ClCompile Include="..\source\game\rooms\rooms.c">
      <Filter>Source Files\game\rooms</Filter>
    </ClCompile>
    <ClCompile Include="..\source\game\rooms\titlescreen.c">
      <Filter>Source Files\game\rooms</Filter>
    </ClCompile>
    <ClCompile Include="..\source\game\rooms\transitions.c">
      <Filter>Source Files\game\rooms</Filter>
    </ClCompile>
    <ClCompile Include="..\generated\bank3_chamber0\chamber0_tileMap.c">
      <Filter>Source Files\generated\bank2_chamber0</Filter>
    </ClCompile>
    <ClCompile Include="..\generated\bank3_chamber0\chamber0_cleanBackground.c">
      <Filter>Source Files\generated\bank2_chamber0</Filter>
    </ClCompile>
    <ClCompile Include="..\generated\bank2_vdp\ball4bpp.c">
      <Filter>Source Files\generated\bank_vdp</Filter>
    </ClCompile>
    <ClCompile Include="..\generated\bank2_vdp\bird4bpp.c">
      <Filter>Source Files\generated\bank_vdp</Filter>
    </ClCompile>
    <ClCompile Include="..\generated\bank2_vdp\characterFont4bpp.c">
      <Filter>Source Files\generated\bank_vdp</Filter>
    </ClCompile>
    <ClCompile Include="..\generated\bank2_vdp\diamond4bpp.c">
      <Filter>Source Files\generated\bank_vdp</Filter>
    </ClCompile>
    <ClCompile Include="..\generated\bank2_vdp\door4bpp.c">
      <Filter>Source Files\generated\bank_vdp</Filter>
    </ClCompile>
    <ClCompile Include="..\generated\bank2_vdp\drop4bpp.c">
      <Filter>Source Files\generated\bank_vdp</Filter>
    </ClCompile>
    <ClCompile Include="..\generated\bank2_vdp\key4bpp.c">
      <Filter>Source Files\generated\bank_vdp</Filter>
    </ClCompile>
    <ClCompile Include="..\generated\bank2_vdp\moneyBag4bpp.c">
      <Filter>Source Files\generated\bank_vdp</Filter>
    </ClCompile>
    <ClCompile Include="..\generated\bank2_vdp\player4bpp.c">
      <Filter>Source Files\generated\bank_vdp</Filter>
    </ClCompile>
    <ClCompile Include="..\generated\bank2_vdp\tileSet4bpp.c">
      <Filter>Source Files\generated\bank_vdp</Filter>
    </ClCompile>
    <ClCompile Include="..\generated\keySprite.c">
      <Filter>Source Files\generated</Filter>
    </ClCompile>
    <ClCompile Include="..\generated\moneyBagSprite.c">
      <Filter>Source Files\generated</Filter>
    </ClCompile>
    <ClCompile Include="..\generated\strings.c">
      <Filter>Source Files\generated</Filter>
    </ClCompile>
    <ClCompile Include="..\generated\bitShiftedSprite_ball.c">
      <Filter>Source Files\generated</Filter>
    </ClCompile>
    <ClCompile Include="..\generated\bitShiftedSprite_bird.c">
      <Filter>Source Files\generated</Filter>
    </ClCompile>
    <ClCompile Include="..\generated\bitShiftedSprite_door.c">
      <Filter>Source Files\generated</Filter>
    </ClCompile>
    <ClCompile Include="..\generated\bitShiftedSprite_player.c">
      <Filter>Source Files\generated</Filter>
    </ClCompile>
    <ClCompile Include="..\generated\bitShiftedSprite_playerCollisionMasks.c">
      <Filter>Source Files\generated</Filter>
    </ClCompile>
    <ClCompile Include="..\generated\bitShiftedSprite_playerSplat.c">
      <Filter>Source Files\generated</Filter>
    </ClCompile>
    <ClCompile Include="..\generated\characterFont.c">
      <Filter>Source Files\generated</Filter>
    </ClCompile>
    <ClCompile Include="..\generated\diamondSprite.c">
      <Filter>Source Files\generated</Filter>
    </ClCompile>
    <ClCompile Include="..\generated\dropSprite.c">
      <Filter>Source Files\generated</Filter>
    </ClCompile>
    <ClCompile Include="..\generated\general.c">
      <Filter>Source Files\generated</Filter>
    </ClCompile>
    <ClCompile Include="..\generated\resources.c">
      <Filter>Source Files\generated</Filter>
    </ClCompile>
    <ClCompile Include="..\generated\bank2_vdp\playerSplat4bpp.c">
      <Filter>Source Files\generated\bank_vdp</Filter>
    </ClCompile>
    <ClCompile Include="..\generated\bank2_vdp\playerLives4bpp.c">
      <Filter>Source Files\generated\bank_vdp</Filter>
    </ClCompile>
    <ClCompile Include="..\generated\bank2_vdp\playerRegen4bpp.c">
      <Filter>Source Files\generated\bank_vdp</Filter>
    </ClCompile>
  </ItemGroup>
  <ItemGroup>
    <ClInclude Include="..\source\game\dl_alloc.h">
      <Filter>Source Files\game</Filter>
    </ClInclude>
    <ClInclude Include="..\source\game\background_types.h">
      <Filter>Source Files\game</Filter>
    </ClInclude>
    <ClInclude Include="..\source\game\ball.h">
      <Filter>Source Files\game</Filter>
    </ClInclude>
    <ClInclude Include="..\source\game\base_defines.h">
      <Filter>Source Files\game</Filter>
    </ClInclude>
    <ClInclude Include="..\source\game\base_types.h">
      <Filter>Source Files\game</Filter>
    </ClInclude>
    <ClInclude Include="..\source\game\bird.h">
      <Filter>Source Files\game</Filter>
    </ClInclude>
    <ClInclude Include="..\source\game\checksum_utils.h">
      <Filter>Source Files\game</Filter>
    </ClInclude>
    <ClInclude Include="..\source\game\debug_utils.h">
      <Filter>Source Files\game</Filter>
    </ClInclude>
    <ClInclude Include="..\source\game\dl_platform.h">
      <Filter>Source Files\game</Filter>
    </ClInclude>
    <ClInclude Include="..\source\game\dl_rand.h">
      <Filter>Source Files\game</Filter>
    </ClInclude>
    <ClInclude Include="..\source\game\dl_sound.h">
      <Filter>Source Files\game</Filter>
    </ClInclude>
    <ClInclude Include="..\source\game\door_types.h">
      <Filter>Source Files\game</Filter>
    </ClInclude>
    <ClInclude Include="..\source\game\door_utils.h">
      <Filter>Source Files\game</Filter>
    </ClInclude>
    <ClInclude Include="..\source\game\draw_utils.h">
      <Filter>Source Files\game</Filter>
    </ClInclude>
    <ClInclude Include="..\source\game\drops_manager.h">
      <Filter>Source Files\game</Filter>
    </ClInclude>
    <ClInclude Include="..\source\game\drops_types.h">
      <Filter>Source Files\game</Filter>
    </ClInclude>
    <ClInclude Include="..\source\game\game.h">
      <Filter>Source Files\game</Filter>
    </ClInclude>
    <ClInclude Include="..\source\game\game_types.h">
      <Filter>Source Files\game</Filter>
    </ClInclude>
    <ClInclude Include="..\source\game\joystick_types.h">
      <Filter>Source Files\game</Filter>
    </ClInclude>
    <ClInclude Include="..\source\game\physics_utils.h">
      <Filter>Source Files\game</Filter>
    </ClInclude>
    <ClInclude Include="..\source\game\pickup_types.h">
      <Filter>Source Files\game</Filter>
    </ClInclude>
    <ClInclude Include="..\source\game\player.h">
      <Filter>Source Files\game</Filter>
    </ClInclude>
    <ClInclude Include="..\source\game\player_types.h">
      <Filter>Source Files\game</Filter>
    </ClInclude>
    <ClInclude Include="..\source\game\resource_loader_buffer.h">
      <Filter>Source Files\game</Filter>
    </ClInclude>
    <ClInclude Include="..\source\game\resource_types.h">
      <Filter>Source Files\game</Filter>
    </ClInclude>
    <ClInclude Include="..\source\game\string_utils.h">
      <Filter>Source Files\game</Filter>
    </ClInclude>
    <ClInclude Include="..\source\game\rooms\chambers.h">
      <Filter>Source Files\game\rooms</Filter>
    </ClInclude>
    <ClInclude Include="..\source\game\rooms\room_types.h">
      <Filter>Source Files\game\rooms</Filter>
    </ClInclude>
    <ClInclude Include="..\source\game\rooms\rooms.h">
      <Filter>Source Files\game\rooms</Filter>
    </ClInclude>
    <ClInclude Include="..\source\game\rooms\titlescreen.h">
      <Filter>Source Files\game\rooms</Filter>
    </ClInclude>
    <ClInclude Include="..\..\..\..\..\..\SMSDev\devkitSMS-master\SMSlib\src\SMSlib.h">
      <Filter>SMSLib</Filter>
    </ClInclude>
    <ClInclude Include="..\source\custom_background_types.h">
      <Filter>Source Files</Filter>
    </ClInclude>
  </ItemGroup>
  <ItemGroup>
    <None Include="..\build\Makefile">
      <Filter>build</Filter>
    </None>
    <None Include="..\build\rebuild.bat">
      <Filter>build</Filter>
    </None>
    <None Include="..\build\build.bat">
      <Filter>build</Filter>
    </None>
    <None Include="..\build\clean.bat">
      <Filter>build</Filter>
    </None>
    <None Include="..\build\deploy.bat">
      <Filter>build</Filter>
    </None>
    <None Include="..\out\Downland.map">
      <Filter>build</Filter>
    </None>
  </ItemGroup>
</Project>