<?xml version="1.0" encoding="utf-8"?>
<Project ToolsVersion="4.0" xmlns="http://schemas.microsoft.com/developer/msbuild/2003">
  <ItemGroup>
    <Filter Include="Header Files">
      <UniqueIdentifier>{93995380-89BD-4b04-88EB-625FBE52EBFB}</UniqueIdentifier>
      <Extensions>h;hh;hpp;hxx;h++;hm;inl;inc;ipp;xsd</Extensions>
    </Filter>
    <Filter Include="Resource Files">
      <UniqueIdentifier>{67DA6AB6-F800-4c08-8B7A-83BB121AAD01}</UniqueIdentifier>
      <Extensions>rc;ico;cur;bmp;dlg;rc2;rct;bin;rgs;gif;jpg;jpeg;jpe;resx;tiff;tif;png;wav;mfcribbon-ms</Extensions>
    </Filter>
    <Filter Include="Binaries">
      <UniqueIdentifier>{1c3c966b-7c14-4a9f-81c5-3964fc640ad3}</UniqueIdentifier>
    </Filter>
    <Filter Include="game">
      <UniqueIdentifier>{25c68a46-0917-436b-ac04-5e469f1f0c0b}</UniqueIdentifier>
    </Filter>
    <Filter Include="misc">
      <UniqueIdentifier>{22d1770c-c66b-422f-92eb-d1cbb3cbcb06}</UniqueIdentifier>
    </Filter>
    <Filter Include="sdl_main">
      <UniqueIdentifier>{534e03b9-7bde-413d-b0df-d4447204f737}</UniqueIdentifier>
    </Filter>
    <Filter Include="resources">
      <UniqueIdentifier>{897990da-61f3-45ca-8985-bd364e9868af}</UniqueIdentifier>
    </Filter>
  </ItemGroup>
  <ItemGroup>
    <ClInclude Include="Resource.h">
      <Filter>Header Files</Filter>
    </ClInclude>
    <ClInclude Include="..\misc\screenshot_data.h">
      <Filter>misc</Filter>
    </ClInclude>
    <ClInclude Include="..\game\game.h">
      <Filter>game</Filter>
    </ClInclude>
    <ClInclude Include="..\game\base_types.h">
      <Filter>game</Filter>
    </ClInclude>
    <ClInclude Include="..\game\base_defines.h">
      <Filter>game</Filter>
    </ClInclude>
    <ClInclude Include="..\game\framebuffer_utils.h">
      <Filter>game</Filter>
    </ClInclude>
    <ClInclude Include="..\sdl_main\sdl_utils.h">
      <Filter>sdl_main</Filter>
    </ClInclude>
    <ClInclude Include="..\resources\resources.h">
      <Filter>resources</Filter>
    </ClInclude>
    <ClInclude Include="..\game\draw_background.h">
      <Filter>game</Filter>
    </ClInclude>
  </ItemGroup>
  <ItemGroup>
    <Image Include="Downland.ico">
      <Filter>Resource Files</Filter>
    </Image>
  </ItemGroup>
  <ItemGroup>
    <ResourceCompile Include="resource.rc">
      <Filter>Resource Files</Filter>
    </ResourceCompile>
  </ItemGroup>
  <ItemGroup>
    <None Include="SDL3.dll">
      <Filter>Binaries</Filter>
    </None>
  </ItemGroup>
  <ItemGroup>
    <ClCompile Include="..\misc\screenshot_data.c">
      <Filter>misc</Filter>
    </ClCompile>
    <ClCompile Include="..\game\game.c">
      <Filter>game</Filter>
    </ClCompile>
    <ClCompile Include="..\game\framebuffer_utils.c">
      <Filter>game</Filter>
    </ClCompile>
    <ClCompile Include="..\sdl_main\sdl_main.c">
      <Filter>sdl_main</Filter>
    </ClCompile>
    <ClCompile Include="..\sdl_main\sdl_utils.c">
      <Filter>sdl_main</Filter>
    </ClCompile>
    <ClCompile Include="..\resources\resources.c">
      <Filter>resources</Filter>
    </ClCompile>
    <ClCompile Include="..\game\draw_background.c">
      <Filter>game</Filter>
    </ClCompile>
  </ItemGroup>
</Project>