
Microsoft Visual Studio Solution File, Format Version 12.00
# Visual Studio Version 17
VisualStudioVersion = 17.8.34601.278
MinimumVisualStudioVersion = 10.0.40219.1
Project("{8BC9CEB8-8B4A-11D0-8D11-00A0C91BC942}") = "Downland_C", "Downland_C.vcxproj", "{4AC0FDF5-0F35-48A0-9F85-AA2CC67B22CF}"
EndProject
Global
	GlobalSection(SolutionConfigurationPlatforms) = preSolution
		Debug|x64 = Debug|x64
		Release|x64 = Release|x64
	EndGlobalSection
	GlobalSection(ProjectConfigurationPlatforms) = postSolution
		{4AC0FDF5-0F35-48A0-9F85-AA2CC67B22CF}.Debug|x64.ActiveCfg = Debug|x64
		{4AC0FDF5-0F35-48A0-9F85-AA2CC67B22CF}.Debug|x64.Build.0 = Debug|x64
		{4AC0FDF5-0F35-48A0-9F85-AA2CC67B22CF}.Release|x64.ActiveCfg = Release|x64
		{4AC0FDF5-0F35-48A0-9F85-AA2CC67B22CF}.Release|x64.Build.0 = Release|x64
	EndGlobalSection
	GlobalSection(SolutionProperties) = preSolution
		HideSolutionNode = FALSE
	EndGlobalSection
	GlobalSection(ExtensibilityGlobals) = postSolution
		SolutionGuid = {006F1011-0DFD-4D97-BA91-11F067A86439}
	EndGlobalSection
EndGlobal
