<?xml version="1.0" encoding="utf-8"?>
<Project ToolsVersion="4.0" xmlns="http://schemas.microsoft.com/developer/msbuild/2003">
  <ItemGroup>
    <Filter Include="Header Files">
      <UniqueIdentifier>{93995380-89BD-4b04-88EB-625FBE52EBFB}</UniqueIdentifier>
      <Extensions>h;hh;hpp;hxx;h++;hm;inl;inc;ipp;xsd</Extensions>
    </Filter>
    <Filter Include="Resource Files">
      <UniqueIdentifier>{67DA6AB6-F800-4c08-8B7A-83BB121AAD01}</UniqueIdentifier>
      <Extensions>rc;ico;cur;bmp;dlg;rc2;rct;bin;rgs;gif;jpg;jpeg;jpe;resx;tiff;tif;png;wav;mfcribbon-ms</Extensions>
    </Filter>
    <Filter Include="Binaries">
      <UniqueIdentifier>{1c3c966b-7c14-4a9f-81c5-3964fc640ad3}</UniqueIdentifier>
    </Filter>
    <Filter Include="game">
      <UniqueIdentifier>{25c68a46-0917-436b-ac04-5e469f1f0c0b}</UniqueIdentifier>
    </Filter>
    <Filter Include="sdl_main">
      <UniqueIdentifier>{534e03b9-7bde-413d-b0df-d4447204f737}</UniqueIdentifier>
    </Filter>
  </ItemGroup>
  <ItemGroup>
    <ClInclude Include="Resource.h">
      <Filter>Header Files</Filter>
    </ClInclude>
    <ClInclude Include="..\game\game.h">
      <Filter>game</Filter>
    </ClInclude>
    <ClInclude Include="..\game\base_types.h">
      <Filter>game</Filter>
    </ClInclude>
    <ClInclude Include="..\game\base_defines.h">
      <Filter>game</Filter>
    </ClInclude>
    <ClInclude Include="..\game\draw_utils.h">
      <Filter>game</Filter>
    </ClInclude>
    <ClInclude Include="..\sdl_main\sdl_utils.h">
      <Filter>sdl_main</Filter>
    </ClInclude>
    <ClInclude Include="..\game\drops_manager.h">
      <Filter>game</Filter>
    </ClInclude>
    <ClInclude Include="..\game\background_types.h">
      <Filter>game</Filter>
    </ClInclude>
    <ClInclude Include="..\game\drops_types.h">
      <Filter>game</Filter>
    </ClInclude>
    <ClInclude Include="..\game\joystick_types.h">
      <Filter>game</Filter>
    </ClInclude>
    <ClInclude Include="..\game\rooms.h">
      <Filter>game</Filter>
    </ClInclude>
    <ClInclude Include="..\game\game_types.h">
      <Filter>game</Filter>
    </ClInclude>
    <ClInclude Include="..\game\resource_types.h">
      <Filter>game</Filter>
    </ClInclude>
    <ClInclude Include="..\game\resource_loader.h">
      <Filter>game</Filter>
    </ClInclude>
    <ClInclude Include="..\game\pickup_types.h">
      <Filter>game</Filter>
    </ClInclude>
    <ClInclude Include="..\game\string_utils.h">
      <Filter>game</Filter>
    </ClInclude>
    <ClInclude Include="..\game\ball.h">
      <Filter>game</Filter>
    </ClInclude>
    <ClInclude Include="..\game\debug_utils.h">
      <Filter>game</Filter>
    </ClInclude>
    <ClInclude Include="..\game\bird.h">
      <Filter>game</Filter>
    </ClInclude>
    <ClInclude Include="..\game\player.h">
      <Filter>game</Filter>
    </ClInclude>
    <ClInclude Include="..\game\physics_utils.h">
      <Filter>game</Filter>
    </ClInclude>
    <ClInclude Include="..\game\door_types.h">
      <Filter>game</Filter>
    </ClInclude>
    <ClInclude Include="..\game\door_utils.h">
      <Filter>game</Filter>
    </ClInclude>
  </ItemGroup>
  <ItemGroup>
    <Image Include="Downland.ico">
      <Filter>Resource Files</Filter>
    </Image>
  </ItemGroup>
  <ItemGroup>
    <ResourceCompile Include="resource.rc">
      <Filter>Resource Files</Filter>
    </ResourceCompile>
  </ItemGroup>
  <ItemGroup>
    <None Include="SDL3.dll">
      <Filter>Binaries</Filter>
    </None>
  </ItemGroup>
  <ItemGroup>
    <ClCompile Include="..\game\game.c">
      <Filter>game</Filter>
    </ClCompile>
    <ClCompile Include="..\game\draw_utils.c">
      <Filter>game</Filter>
    </ClCompile>
    <ClCompile Include="..\sdl_main\sdl_main.c">
      <Filter>sdl_main</Filter>
    </ClCompile>
    <ClCompile Include="..\sdl_main\sdl_utils.c">
      <Filter>sdl_main</Filter>
    </ClCompile>
    <ClCompile Include="..\game\drops_manager.c">
      <Filter>game</Filter>
    </ClCompile>
    <ClCompile Include="..\game\rooms.c">
      <Filter>game</Filter>
    </ClCompile>
    <ClCompile Include="..\game\resource_loader.c">
      <Filter>game</Filter>
    </ClCompile>
    <ClCompile Include="..\game\string_utils.c">
      <Filter>game</Filter>
    </ClCompile>
    <ClCompile Include="..\game\ball.c">
      <Filter>game</Filter>
    </ClCompile>
    <ClCompile Include="..\game\debug_utils.c">
      <Filter>game</Filter>
    </ClCompile>
    <ClCompile Include="..\game\bird.c">
      <Filter>game</Filter>
    </ClCompile>
    <ClCompile Include="..\game\player.c">
      <Filter>game</Filter>
    </ClCompile>
    <ClCompile Include="..\game\physics_utils.c">
      <Filter>game</Filter>
    </ClCompile>
    <ClCompile Include="..\game\door_utils.c">
      <Filter>game</Filter>
    </ClCompile>
  </ItemGroup>
</Project>